// !$*UTF8*$!
{
	archiveVersion = 1;
	classes = {
	};
	objectVersion = 46;
	objects = {

/* Begin PBXBuildFile section */
		F47A9FB117A1629B0035B327 /* UIKit.framework in Frameworks */ = {isa = PBXBuildFile; fileRef = F47A9FB017A1629B0035B327 /* UIKit.framework */; };
		F47A9FB317A1629B0035B327 /* Foundation.framework in Frameworks */ = {isa = PBXBuildFile; fileRef = F47A9FB217A1629B0035B327 /* Foundation.framework */; };
		F47A9FB517A1629B0035B327 /* CoreGraphics.framework in Frameworks */ = {isa = PBXBuildFile; fileRef = F47A9FB417A1629B0035B327 /* CoreGraphics.framework */; };
		F47A9FBB17A1629B0035B327 /* InfoPlist.strings in Resources */ = {isa = PBXBuildFile; fileRef = F47A9FB917A1629B0035B327 /* InfoPlist.strings */; };
		F47A9FBD17A1629B0035B327 /* main.m in Sources */ = {isa = PBXBuildFile; fileRef = F47A9FBC17A1629B0035B327 /* main.m */; };
		F47A9FC117A1629B0035B327 /* AppDelegate.m in Sources */ = {isa = PBXBuildFile; fileRef = F47A9FC017A1629B0035B327 /* AppDelegate.m */; };
		F47A9FC317A1629B0035B327 /* Default.png in Resources */ = {isa = PBXBuildFile; fileRef = F47A9FC217A1629B0035B327 /* Default.png */; };
		F47A9FC517A1629B0035B327 /* Default@2x.png in Resources */ = {isa = PBXBuildFile; fileRef = F47A9FC417A1629B0035B327 /* Default@2x.png */; };
		F47A9FC717A1629C0035B327 /* Default-568h@2x.png in Resources */ = {isa = PBXBuildFile; fileRef = F47A9FC617A1629B0035B327 /* Default-568h@2x.png */; };
		F47A9FCA17A1629C0035B327 /* ViewController.m in Sources */ = {isa = PBXBuildFile; fileRef = F47A9FC917A1629C0035B327 /* ViewController.m */; };
		F47A9FD617A165B40035B327 /* JSONKit.m in Sources */ = {isa = PBXBuildFile; fileRef = F47A9FD517A165B40035B327 /* JSONKit.m */; settings = {COMPILER_FLAGS = "-fno-objc-arc"; }; };
		F47A9FEC17A1660C0035B327 /* AFHTTPClient.m in Sources */ = {isa = PBXBuildFile; fileRef = F47A9FDA17A1660C0035B327 /* AFHTTPClient.m */; };
		F47A9FED17A1660C0035B327 /* AFHTTPRequestOperation.m in Sources */ = {isa = PBXBuildFile; fileRef = F47A9FDC17A1660C0035B327 /* AFHTTPRequestOperation.m */; };
		F47A9FEE17A1660C0035B327 /* AFImageRequestOperation.m in Sources */ = {isa = PBXBuildFile; fileRef = F47A9FDE17A1660C0035B327 /* AFImageRequestOperation.m */; };
		F47A9FEF17A1660C0035B327 /* AFJSONRequestOperation.m in Sources */ = {isa = PBXBuildFile; fileRef = F47A9FE017A1660C0035B327 /* AFJSONRequestOperation.m */; };
		F47A9FF017A1660C0035B327 /* AFNetworkActivityIndicatorManager.m in Sources */ = {isa = PBXBuildFile; fileRef = F47A9FE217A1660C0035B327 /* AFNetworkActivityIndicatorManager.m */; };
		F47A9FF117A1660C0035B327 /* AFPropertyListRequestOperation.m in Sources */ = {isa = PBXBuildFile; fileRef = F47A9FE517A1660C0035B327 /* AFPropertyListRequestOperation.m */; };
		F47A9FF217A1660C0035B327 /* AFURLConnectionOperation.m in Sources */ = {isa = PBXBuildFile; fileRef = F47A9FE717A1660C0035B327 /* AFURLConnectionOperation.m */; };
		F47A9FF317A1660C0035B327 /* AFXMLRequestOperation.m in Sources */ = {isa = PBXBuildFile; fileRef = F47A9FE917A1660C0035B327 /* AFXMLRequestOperation.m */; };
		F47A9FF417A1660C0035B327 /* UIImageView+AFNetworking.m in Sources */ = {isa = PBXBuildFile; fileRef = F47A9FEB17A1660C0035B327 /* UIImageView+AFNetworking.m */; };
		F47A9FF917A169F60035B327 /* Security.framework in Frameworks */ = {isa = PBXBuildFile; fileRef = F47A9FF517A1698E0035B327 /* Security.framework */; };
		F47A9FFB17A1AB580035B327 /* SystemConfiguration.framework in Frameworks */ = {isa = PBXBuildFile; fileRef = F47A9FFA17A1AB580035B327 /* SystemConfiguration.framework */; };
		F47A9FFD17A1AC010035B327 /* MobileCoreServices.framework in Frameworks */ = {isa = PBXBuildFile; fileRef = F47A9FFC17A1AC010035B327 /* MobileCoreServices.framework */; };
		F47AA00017A1AD4C0035B327 /* InstagramLoginView.m in Sources */ = {isa = PBXBuildFile; fileRef = F47A9FFF17A1AD4B0035B327 /* InstagramLoginView.m */; };
/* End PBXBuildFile section */

/* Begin PBXFileReference section */
		F47A9FAD17A1629B0035B327 /* InstagramTest.app */ = {isa = PBXFileReference; explicitFileType = wrapper.application; includeInIndex = 0; path = InstagramTest.app; sourceTree = BUILT_PRODUCTS_DIR; };
		F47A9FB017A1629B0035B327 /* UIKit.framework */ = {isa = PBXFileReference; lastKnownFileType = wrapper.framework; name = UIKit.framework; path = System/Library/Frameworks/UIKit.framework; sourceTree = SDKROOT; };
		F47A9FB217A1629B0035B327 /* Foundation.framework */ = {isa = PBXFileReference; lastKnownFileType = wrapper.framework; name = Foundation.framework; path = System/Library/Frameworks/Foundation.framework; sourceTree = SDKROOT; };
		F47A9FB417A1629B0035B327 /* CoreGraphics.framework */ = {isa = PBXFileReference; lastKnownFileType = wrapper.framework; name = CoreGraphics.framework; path = System/Library/Frameworks/CoreGraphics.framework; sourceTree = SDKROOT; };
		F47A9FB817A1629B0035B327 /* InstagramTest-Info.plist */ = {isa = PBXFileReference; lastKnownFileType = text.plist.xml; path = "InstagramTest-Info.plist"; sourceTree = "<group>"; };
		F47A9FBA17A1629B0035B327 /* en */ = {isa = PBXFileReference; lastKnownFileType = text.plist.strings; name = en; path = en.lproj/InfoPlist.strings; sourceTree = "<group>"; };
		F47A9FBC17A1629B0035B327 /* main.m */ = {isa = PBXFileReference; lastKnownFileType = sourcecode.c.objc; path = main.m; sourceTree = "<group>"; };
		F47A9FBE17A1629B0035B327 /* InstagramTest-Prefix.pch */ = {isa = PBXFileReference; lastKnownFileType = sourcecode.c.h; path = "InstagramTest-Prefix.pch"; sourceTree = "<group>"; };
		F47A9FBF17A1629B0035B327 /* AppDelegate.h */ = {isa = PBXFileReference; lastKnownFileType = sourcecode.c.h; path = AppDelegate.h; sourceTree = "<group>"; };
		F47A9FC017A1629B0035B327 /* AppDelegate.m */ = {isa = PBXFileReference; lastKnownFileType = sourcecode.c.objc; path = AppDelegate.m; sourceTree = "<group>"; };
		F47A9FC217A1629B0035B327 /* Default.png */ = {isa = PBXFileReference; lastKnownFileType = image.png; path = Default.png; sourceTree = "<group>"; };
		F47A9FC417A1629B0035B327 /* Default@2x.png */ = {isa = PBXFileReference; lastKnownFileType = image.png; path = "Default@2x.png"; sourceTree = "<group>"; };
		F47A9FC617A1629B0035B327 /* Default-568h@2x.png */ = {isa = PBXFileReference; lastKnownFileType = image.png; path = "Default-568h@2x.png"; sourceTree = "<group>"; };
		F47A9FC817A1629C0035B327 /* ViewController.h */ = {isa = PBXFileReference; lastKnownFileType = sourcecode.c.h; path = ViewController.h; sourceTree = "<group>"; };
		F47A9FC917A1629C0035B327 /* ViewController.m */ = {isa = PBXFileReference; lastKnownFileType = sourcecode.c.objc; path = ViewController.m; sourceTree = "<group>"; };
		F47A9FD417A165B40035B327 /* JSONKit.h */ = {isa = PBXFileReference; fileEncoding = 4; lastKnownFileType = sourcecode.c.h; path = JSONKit.h; sourceTree = "<group>"; };
		F47A9FD517A165B40035B327 /* JSONKit.m */ = {isa = PBXFileReference; fileEncoding = 4; lastKnownFileType = sourcecode.c.objc; path = JSONKit.m; sourceTree = "<group>"; };
		F47A9FD917A1660C0035B327 /* AFHTTPClient.h */ = {isa = PBXFileReference; fileEncoding = 4; lastKnownFileType = sourcecode.c.h; path = AFHTTPClient.h; sourceTree = "<group>"; };
		F47A9FDA17A1660C0035B327 /* AFHTTPClient.m */ = {isa = PBXFileReference; fileEncoding = 4; lastKnownFileType = sourcecode.c.objc; path = AFHTTPClient.m; sourceTree = "<group>"; };
		F47A9FDB17A1660C0035B327 /* AFHTTPRequestOperation.h */ = {isa = PBXFileReference; fileEncoding = 4; lastKnownFileType = sourcecode.c.h; path = AFHTTPRequestOperation.h; sourceTree = "<group>"; };
		F47A9FDC17A1660C0035B327 /* AFHTTPRequestOperation.m */ = {isa = PBXFileReference; fileEncoding = 4; lastKnownFileType = sourcecode.c.objc; path = AFHTTPRequestOperation.m; sourceTree = "<group>"; };
		F47A9FDD17A1660C0035B327 /* AFImageRequestOperation.h */ = {isa = PBXFileReference; fileEncoding = 4; lastKnownFileType = sourcecode.c.h; path = AFImageRequestOperation.h; sourceTree = "<group>"; };
		F47A9FDE17A1660C0035B327 /* AFImageRequestOperation.m */ = {isa = PBXFileReference; fileEncoding = 4; lastKnownFileType = sourcecode.c.objc; path = AFImageRequestOperation.m; sourceTree = "<group>"; };
		F47A9FDF17A1660C0035B327 /* AFJSONRequestOperation.h */ = {isa = PBXFileReference; fileEncoding = 4; lastKnownFileType = sourcecode.c.h; path = AFJSONRequestOperation.h; sourceTree = "<group>"; };
		F47A9FE017A1660C0035B327 /* AFJSONRequestOperation.m */ = {isa = PBXFileReference; fileEncoding = 4; lastKnownFileType = sourcecode.c.objc; path = AFJSONRequestOperation.m; sourceTree = "<group>"; };
		F47A9FE117A1660C0035B327 /* AFNetworkActivityIndicatorManager.h */ = {isa = PBXFileReference; fileEncoding = 4; lastKnownFileType = sourcecode.c.h; path = AFNetworkActivityIndicatorManager.h; sourceTree = "<group>"; };
		F47A9FE217A1660C0035B327 /* AFNetworkActivityIndicatorManager.m */ = {isa = PBXFileReference; fileEncoding = 4; lastKnownFileType = sourcecode.c.objc; path = AFNetworkActivityIndicatorManager.m; sourceTree = "<group>"; };
		F47A9FE317A1660C0035B327 /* AFNetworking.h */ = {isa = PBXFileReference; fileEncoding = 4; lastKnownFileType = sourcecode.c.h; path = AFNetworking.h; sourceTree = "<group>"; };
		F47A9FE417A1660C0035B327 /* AFPropertyListRequestOperation.h */ = {isa = PBXFileReference; fileEncoding = 4; lastKnownFileType = sourcecode.c.h; path = AFPropertyListRequestOperation.h; sourceTree = "<group>"; };
		F47A9FE517A1660C0035B327 /* AFPropertyListRequestOperation.m */ = {isa = PBXFileReference; fileEncoding = 4; lastKnownFileType = sourcecode.c.objc; path = AFPropertyListRequestOperation.m; sourceTree = "<group>"; };
		F47A9FE617A1660C0035B327 /* AFURLConnectionOperation.h */ = {isa = PBXFileReference; fileEncoding = 4; lastKnownFileType = sourcecode.c.h; path = AFURLConnectionOperation.h; sourceTree = "<group>"; };
		F47A9FE717A1660C0035B327 /* AFURLConnectionOperation.m */ = {isa = PBXFileReference; fileEncoding = 4; lastKnownFileType = sourcecode.c.objc; path = AFURLConnectionOperation.m; sourceTree = "<group>"; };
		F47A9FE817A1660C0035B327 /* AFXMLRequestOperation.h */ = {isa = PBXFileReference; fileEncoding = 4; lastKnownFileType = sourcecode.c.h; path = AFXMLRequestOperation.h; sourceTree = "<group>"; };
		F47A9FE917A1660C0035B327 /* AFXMLRequestOperation.m */ = {isa = PBXFileReference; fileEncoding = 4; lastKnownFileType = sourcecode.c.objc; path = AFXMLRequestOperation.m; sourceTree = "<group>"; };
		F47A9FEA17A1660C0035B327 /* UIImageView+AFNetworking.h */ = {isa = PBXFileReference; fileEncoding = 4; lastKnownFileType = sourcecode.c.h; path = "UIImageView+AFNetworking.h"; sourceTree = "<group>"; };
		F47A9FEB17A1660C0035B327 /* UIImageView+AFNetworking.m */ = {isa = PBXFileReference; fileEncoding = 4; lastKnownFileType = sourcecode.c.objc; path = "UIImageView+AFNetworking.m"; sourceTree = "<group>"; };
		F47A9FF517A1698E0035B327 /* Security.framework */ = {isa = PBXFileReference; lastKnownFileType = wrapper.framework; name = Security.framework; path = System/Library/Frameworks/Security.framework; sourceTree = SDKROOT; };
		F47A9FFA17A1AB580035B327 /* SystemConfiguration.framework */ = {isa = PBXFileReference; lastKnownFileType = wrapper.framework; name = SystemConfiguration.framework; path = System/Library/Frameworks/SystemConfiguration.framework; sourceTree = SDKROOT; };
		F47A9FFC17A1AC010035B327 /* MobileCoreServices.framework */ = {isa = PBXFileReference; lastKnownFileType = wrapper.framework; name = MobileCoreServices.framework; path = System/Library/Frameworks/MobileCoreServices.framework; sourceTree = SDKROOT; };
		F47A9FFE17A1AD4B0035B327 /* InstagramLoginView.h */ = {isa = PBXFileReference; fileEncoding = 4; lastKnownFileType = sourcecode.c.h; path = InstagramLoginView.h; sourceTree = "<group>"; };
		F47A9FFF17A1AD4B0035B327 /* InstagramLoginView.m */ = {isa = PBXFileReference; fileEncoding = 4; lastKnownFileType = sourcecode.c.objc; path = InstagramLoginView.m; sourceTree = "<group>"; };
/* End PBXFileReference section */

/* Begin PBXFrameworksBuildPhase section */
		F47A9FAA17A1629B0035B327 /* Frameworks */ = {
			isa = PBXFrameworksBuildPhase;
			buildActionMask = 2147483647;
			files = (
				F47A9FFD17A1AC010035B327 /* MobileCoreServices.framework in Frameworks */,
				F47A9FFB17A1AB580035B327 /* SystemConfiguration.framework in Frameworks */,
				F47A9FF917A169F60035B327 /* Security.framework in Frameworks */,
				F47A9FB117A1629B0035B327 /* UIKit.framework in Frameworks */,
				F47A9FB317A1629B0035B327 /* Foundation.framework in Frameworks */,
				F47A9FB517A1629B0035B327 /* CoreGraphics.framework in Frameworks */,
			);
			runOnlyForDeploymentPostprocessing = 0;
		};
/* End PBXFrameworksBuildPhase section */

/* Begin PBXGroup section */
		F47A9FA417A1629B0035B327 = {
			isa = PBXGroup;
			children = (
				F47A9FB617A1629B0035B327 /* InstagramTest */,
				F47A9FAF17A1629B0035B327 /* Frameworks */,
				F47A9FAE17A1629B0035B327 /* Products */,
			);
			sourceTree = "<group>";
		};
		F47A9FAE17A1629B0035B327 /* Products */ = {
			isa = PBXGroup;
			children = (
				F47A9FAD17A1629B0035B327 /* InstagramTest.app */,
			);
			name = Products;
			sourceTree = "<group>";
		};
		F47A9FAF17A1629B0035B327 /* Frameworks */ = {
			isa = PBXGroup;
			children = (
				F47A9FFC17A1AC010035B327 /* MobileCoreServices.framework */,
				F47A9FFA17A1AB580035B327 /* SystemConfiguration.framework */,
				F47A9FF517A1698E0035B327 /* Security.framework */,
				F47A9FB017A1629B0035B327 /* UIKit.framework */,
				F47A9FB217A1629B0035B327 /* Foundation.framework */,
				F47A9FB417A1629B0035B327 /* CoreGraphics.framework */,
			);
			name = Frameworks;
			sourceTree = "<group>";
		};
		F47A9FB617A1629B0035B327 /* InstagramTest */ = {
			isa = PBXGroup;
			children = (
				F47A9FD817A1660C0035B327 /* AFNetworking */,
				F47A9FD317A1658F0035B327 /* JSONKit */,
				F47A9FBF17A1629B0035B327 /* AppDelegate.h */,
				F47A9FC017A1629B0035B327 /* AppDelegate.m */,
				F47A9FC817A1629C0035B327 /* ViewController.h */,
				F47A9FC917A1629C0035B327 /* ViewController.m */,
				F47A9FFE17A1AD4B0035B327 /* InstagramLoginView.h */,
				F47A9FFF17A1AD4B0035B327 /* InstagramLoginView.m */,
				F47A9FB717A1629B0035B327 /* Supporting Files */,
			);
			path = InstagramTest;
			sourceTree = "<group>";
		};
		F47A9FB717A1629B0035B327 /* Supporting Files */ = {
			isa = PBXGroup;
			children = (
				F47A9FB817A1629B0035B327 /* InstagramTest-Info.plist */,
				F47A9FB917A1629B0035B327 /* InfoPlist.strings */,
				F47A9FBC17A1629B0035B327 /* main.m */,
				F47A9FBE17A1629B0035B327 /* InstagramTest-Prefix.pch */,
				F47A9FC217A1629B0035B327 /* Default.png */,
				F47A9FC417A1629B0035B327 /* Default@2x.png */,
				F47A9FC617A1629B0035B327 /* Default-568h@2x.png */,
			);
			name = "Supporting Files";
			sourceTree = "<group>";
		};
		F47A9FD317A1658F0035B327 /* JSONKit */ = {
			isa = PBXGroup;
			children = (
				F47A9FD417A165B40035B327 /* JSONKit.h */,
				F47A9FD517A165B40035B327 /* JSONKit.m */,
			);
			name = JSONKit;
			sourceTree = "<group>";
		};
		F47A9FD817A1660C0035B327 /* AFNetworking */ = {
			isa = PBXGroup;
			children = (
				F47A9FD917A1660C0035B327 /* AFHTTPClient.h */,
				F47A9FDA17A1660C0035B327 /* AFHTTPClient.m */,
				F47A9FDB17A1660C0035B327 /* AFHTTPRequestOperation.h */,
				F47A9FDC17A1660C0035B327 /* AFHTTPRequestOperation.m */,
				F47A9FDD17A1660C0035B327 /* AFImageRequestOperation.h */,
				F47A9FDE17A1660C0035B327 /* AFImageRequestOperation.m */,
				F47A9FDF17A1660C0035B327 /* AFJSONRequestOperation.h */,
				F47A9FE017A1660C0035B327 /* AFJSONRequestOperation.m */,
				F47A9FE117A1660C0035B327 /* AFNetworkActivityIndicatorManager.h */,
				F47A9FE217A1660C0035B327 /* AFNetworkActivityIndicatorManager.m */,
				F47A9FE317A1660C0035B327 /* AFNetworking.h */,
				F47A9FE417A1660C0035B327 /* AFPropertyListRequestOperation.h */,
				F47A9FE517A1660C0035B327 /* AFPropertyListRequestOperation.m */,
				F47A9FE617A1660C0035B327 /* AFURLConnectionOperation.h */,
				F47A9FE717A1660C0035B327 /* AFURLConnectionOperation.m */,
				F47A9FE817A1660C0035B327 /* AFXMLRequestOperation.h */,
				F47A9FE917A1660C0035B327 /* AFXMLRequestOperation.m */,
				F47A9FEA17A1660C0035B327 /* UIImageView+AFNetworking.h */,
				F47A9FEB17A1660C0035B327 /* UIImageView+AFNetworking.m */,
			);
			path = AFNetworking;
			sourceTree = "<group>";
		};
/* End PBXGroup section */

/* Begin PBXNativeTarget section */
		F47A9FAC17A1629B0035B327 /* InstagramTest */ = {
			isa = PBXNativeTarget;
			buildConfigurationList = F47A9FD017A1629C0035B327 /* Build configuration list for PBXNativeTarget "InstagramTest" */;
			buildPhases = (
				F47A9FA917A1629B0035B327 /* Sources */,
				F47A9FAA17A1629B0035B327 /* Frameworks */,
				F47A9FAB17A1629B0035B327 /* Resources */,
			);
			buildRules = (
			);
			dependencies = (
			);
			name = InstagramTest;
			productName = InstagramTest;
			productReference = F47A9FAD17A1629B0035B327 /* InstagramTest.app */;
			productType = "com.apple.product-type.application";
		};
/* End PBXNativeTarget section */

/* Begin PBXProject section */
		F47A9FA517A1629B0035B327 /* Project object */ = {
			isa = PBXProject;
			attributes = {
				LastUpgradeCheck = 0460;
				ORGANIZATIONNAME = "Kirichkov's";
			};
			buildConfigurationList = F47A9FA817A1629B0035B327 /* Build configuration list for PBXProject "InstagramTest" */;
			compatibilityVersion = "Xcode 3.2";
			developmentRegion = English;
			hasScannedForEncodings = 0;
			knownRegions = (
				en,
			);
			mainGroup = F47A9FA417A1629B0035B327;
			productRefGroup = F47A9FAE17A1629B0035B327 /* Products */;
			projectDirPath = "";
			projectRoot = "";
			targets = (
				F47A9FAC17A1629B0035B327 /* InstagramTest */,
			);
		};
/* End PBXProject section */

/* Begin PBXResourcesBuildPhase section */
		F47A9FAB17A1629B0035B327 /* Resources */ = {
			isa = PBXResourcesBuildPhase;
			buildActionMask = 2147483647;
			files = (
				F47A9FBB17A1629B0035B327 /* InfoPlist.strings in Resources */,
				F47A9FC317A1629B0035B327 /* Default.png in Resources */,
				F47A9FC517A1629B0035B327 /* Default@2x.png in Resources */,
				F47A9FC717A1629C0035B327 /* Default-568h@2x.png in Resources */,
			);
			runOnlyForDeploymentPostprocessing = 0;
		};
/* End PBXResourcesBuildPhase section */

/* Begin PBXSourcesBuildPhase section */
		F47A9FA917A1629B0035B327 /* Sources */ = {
			isa = PBXSourcesBuildPhase;
			buildActionMask = 2147483647;
			files = (
				F47A9FBD17A1629B0035B327 /* main.m in Sources */,
				F47A9FC117A1629B0035B327 /* AppDelegate.m in Sources */,
				F47A9FCA17A1629C0035B327 /* ViewController.m in Sources */,
				F47A9FD617A165B40035B327 /* JSONKit.m in Sources */,
				F47A9FEC17A1660C0035B327 /* AFHTTPClient.m in Sources */,
				F47A9FED17A1660C0035B327 /* AFHTTPRequestOperation.m in Sources */,
				F47A9FEE17A1660C0035B327 /* AFImageRequestOperation.m in Sources */,
				F47A9FEF17A1660C0035B327 /* AFJSONRequestOperation.m in Sources */,
				F47A9FF017A1660C0035B327 /* AFNetworkActivityIndicatorManager.m in Sources */,
				F47A9FF117A1660C0035B327 /* AFPropertyListRequestOperation.m in Sources */,
				F47A9FF217A1660C0035B327 /* AFURLConnectionOperation.m in Sources */,
				F47A9FF317A1660C0035B327 /* AFXMLRequestOperation.m in Sources */,
				F47A9FF417A1660C0035B327 /* UIImageView+AFNetworking.m in Sources */,
				F47AA00017A1AD4C0035B327 /* InstagramLoginView.m in Sources */,
			);
			runOnlyForDeploymentPostprocessing = 0;
		};
/* End PBXSourcesBuildPhase section */

/* Begin PBXVariantGroup section */
		F47A9FB917A1629B0035B327 /* InfoPlist.strings */ = {
			isa = PBXVariantGroup;
			children = (
				F47A9FBA17A1629B0035B327 /* en */,
			);
			name = InfoPlist.strings;
			sourceTree = "<group>";
		};
/* End PBXVariantGroup section */

/* Begin XCBuildConfiguration section */
		F47A9FCE17A1629C0035B327 /* Debug */ = {
			isa = XCBuildConfiguration;
			buildSettings = {
				ALWAYS_SEARCH_USER_PATHS = NO;
				CLANG_CXX_LANGUAGE_STANDARD = "gnu++0x";
				CLANG_CXX_LIBRARY = "libc++";
				CLANG_ENABLE_OBJC_ARC = YES;
				CLANG_WARN_CONSTANT_CONVERSION = YES;
				CLANG_WARN_EMPTY_BODY = YES;
				CLANG_WARN_ENUM_CONVERSION = YES;
				CLANG_WARN_INT_CONVERSION = YES;
				CLANG_WARN__DUPLICATE_METHOD_MATCH = YES;
				"CODE_SIGN_IDENTITY[sdk=iphoneos*]" = "iPhone Developer";
				COPY_PHASE_STRIP = NO;
				GCC_C_LANGUAGE_STANDARD = gnu99;
				GCC_DYNAMIC_NO_PIC = NO;
				GCC_OPTIMIZATION_LEVEL = 0;
				GCC_PREPROCESSOR_DEFINITIONS = (
					"DEBUG=1",
					"$(inherited)",
				);
				GCC_SYMBOLS_PRIVATE_EXTERN = NO;
				GCC_WARN_ABOUT_RETURN_TYPE = YES;
				GCC_WARN_UNINITIALIZED_AUTOS = YES;
				GCC_WARN_UNUSED_VARIABLE = YES;
				IPHONEOS_DEPLOYMENT_TARGET = 6.1;
				ONLY_ACTIVE_ARCH = YES;
				SDKROOT = iphoneos;
			};
			name = Debug;
		};
		F47A9FCF17A1629C0035B327 /* Release */ = {
			isa = XCBuildConfiguration;
			buildSettings = {
				ALWAYS_SEARCH_USER_PATHS = NO;
				CLANG_CXX_LANGUAGE_STANDARD = "gnu++0x";
				CLANG_CXX_LIBRARY = "libc++";
				CLANG_ENABLE_OBJC_ARC = YES;
				CLANG_WARN_CONSTANT_CONVERSION = YES;
				CLANG_WARN_EMPTY_BODY = YES;
				CLANG_WARN_ENUM_CONVERSION = YES;
				CLANG_WARN_INT_CONVERSION = YES;
				CLANG_WARN__DUPLICATE_METHOD_MATCH = YES;
				"CODE_SIGN_IDENTITY[sdk=iphoneos*]" = "iPhone Developer";
				COPY_PHASE_STRIP = YES;
				GCC_C_LANGUAGE_STANDARD = gnu99;
				GCC_WARN_ABOUT_RETURN_TYPE = YES;
				GCC_WARN_UNINITIALIZED_AUTOS = YES;
				GCC_WARN_UNUSED_VARIABLE = YES;
				IPHONEOS_DEPLOYMENT_TARGET = 6.1;
				OTHER_CFLAGS = "-DNS_BLOCK_ASSERTIONS=1";
				SDKROOT = iphoneos;
				VALIDATE_PRODUCT = YES;
			};
			name = Release;
		};
		F47A9FD117A1629C0035B327 /* Debug */ = {
			isa = XCBuildConfiguration;
			buildSettings = {
				GCC_PRECOMPILE_PREFIX_HEADER = YES;
				GCC_PREFIX_HEADER = "InstagramTest/InstagramTest-Prefix.pch";
				INFOPLIST_FILE = "InstagramTest/InstagramTest-Info.plist";
				IPHONEOS_DEPLOYMENT_TARGET = 5.0;
				PRODUCT_NAME = "$(TARGET_NAME)";
				WRAPPER_EXTENSION = app;
			};
			name = Debug;
		};
		F47A9FD217A1629C0035B327 /* Release */ = {
			isa = XCBuildConfiguration;
			buildSettings = {
				GCC_PRECOMPILE_PREFIX_HEADER = YES;
				GCC_PREFIX_HEADER = "InstagramTest/InstagramTest-Prefix.pch";
				INFOPLIST_FILE = "InstagramTest/InstagramTest-Info.plist";
				IPHONEOS_DEPLOYMENT_TARGET = 5.0;
				PRODUCT_NAME = "$(TARGET_NAME)";
				WRAPPER_EXTENSION = app;
			};
			name = Release;
		};
/* End XCBuildConfiguration section */

/* Begin XCConfigurationList section */
		F47A9FA817A1629B0035B327 /* Build configuration list for PBXProject "InstagramTest" */ = {
			isa = XCConfigurationList;
			buildConfigurations = (
				F47A9FCE17A1629C0035B327 /* Debug */,
				F47A9FCF17A1629C0035B327 /* Release */,
			);
			defaultConfigurationIsVisible = 0;
			defaultConfigurationName = Release;
		};
		F47A9FD017A1629C0035B327 /* Build configuration list for PBXNativeTarget "InstagramTest" */ = {
			isa = XCConfigurationList;
			buildConfigurations = (
				F47A9FD117A1629C0035B327 /* Debug */,
				F47A9FD217A1629C0035B327 /* Release */,
			);
			defaultConfigurationIsVisible = 0;
		};
/* End XCConfigurationList section */
	};
	rootObject = F47A9FA517A1629B0035B327 /* Project object */;
}
